{
    "_readme": [
        "This file locks the dependencies of your project to a known state",
        "Read more about it at https://getcomposer.org/doc/01-basic-usage.md#installing-dependencies",
        "This file is @generated automatically"
    ],
    "content-hash": "d951550692df1591d0a9b7c304fb2b0f",
    "packages": [
        {
            "name": "pleonasm/merkle-tree",
            "version": "2.0.0",
            "source": {
                "type": "git",
                "url": "https://github.com/pleonasm/merkle-tree.git",
                "reference": "e8f35b028bea29b8312d485a572d7fdb478e5484"
            },
            "dist": {
                "type": "zip",
                "url": "https://api.github.com/repos/pleonasm/merkle-tree/zipball/e8f35b028bea29b8312d485a572d7fdb478e5484",
                "reference": "e8f35b028bea29b8312d485a572d7fdb478e5484",
                "shasum": ""
            },
            "require": {
                "php": ">=7.0"
            },
            "require-dev": {
                "php-coveralls/php-coveralls": "^2.4",
                "phpunit/phpunit": "^6.5 || ^7.5 || ^8.5 || ^9.4",
                "sanmai/phpunit-legacy-adapter": "^6 || ^8"
            },
            "type": "library",
            "autoload": {
                "psr-4": {
                    "Pleo\\Merkle\\": "src/"
                }
            },
            "notification-url": "https://packagist.org/downloads/",
            "license": [
                "BSD-2-Clause"
            ],
            "authors": [
                {
                    "name": "Matt Nagi",
                    "email": "matthew.nagi@base-2.net"
                }
            ],
            "description": "An implementation of a Merkle Tree in PHP",
            "support": {
                "issues": "https://github.com/pleonasm/merkle-tree/issues",
                "source": "https://github.com/pleonasm/merkle-tree/tree/2.0.0"
            },
            "time": "2020-11-02T05:11:42+00:00"
        }
    ],
    "packages-dev": [],
    "aliases": [],
    "minimum-stability": "stable",
    "stability-flags": [],
    "prefer-stable": false,
    "prefer-lowest": false,
    "platform": [],
    "platform-dev": [],
    "plugin-api-version": "2.3.0"
}
